// !$*UTF8*$!
{
	archiveVersion = 1;
	classes = {
	};
	objectVersion = 50;
	objects = {

/* Begin PBXBuildFile section */
		226EF8C83226B70FAEFBC1D2 /* Pods_SummonerAssistant.framework in Frameworks */ = {isa = PBXBuildFile; fileRef = B21D2741BD88CFF4CE0D1C4A /* Pods_SummonerAssistant.framework */; };
		59998D9120B46226001CE878 /* AppDelegate.swift in Sources */ = {isa = PBXBuildFile; fileRef = 59998D9020B46226001CE878 /* AppDelegate.swift */; };
		59998D9320B46226001CE878 /* ViewController.swift in Sources */ = {isa = PBXBuildFile; fileRef = 59998D9220B46226001CE878 /* ViewController.swift */; };
		59998D9620B46226001CE878 /* Main.storyboard in Resources */ = {isa = PBXBuildFile; fileRef = 59998D9420B46226001CE878 /* Main.storyboard */; };
		59998D9820B46227001CE878 /* Assets.xcassets in Resources */ = {isa = PBXBuildFile; fileRef = 59998D9720B46227001CE878 /* Assets.xcassets */; };
		59998D9B20B46227001CE878 /* LaunchScreen.storyboard in Resources */ = {isa = PBXBuildFile; fileRef = 59998D9920B46227001CE878 /* LaunchScreen.storyboard */; };
/* End PBXBuildFile section */

/* Begin PBXFileReference section */
		59998D8D20B46226001CE878 /* SummonerAssistant.app */ = {isa = PBXFileReference; explicitFileType = wrapper.application; includeInIndex = 0; path = SummonerAssistant.app; sourceTree = BUILT_PRODUCTS_DIR; };
		59998D9020B46226001CE878 /* AppDelegate.swift */ = {isa = PBXFileReference; lastKnownFileType = sourcecode.swift; path = AppDelegate.swift; sourceTree = "<group>"; };
		59998D9220B46226001CE878 /* ViewController.swift */ = {isa = PBXFileReference; lastKnownFileType = sourcecode.swift; path = ViewController.swift; sourceTree = "<group>"; };
		59998D9520B46226001CE878 /* Base */ = {isa = PBXFileReference; lastKnownFileType = file.storyboard; name = Base; path = Base.lproj/Main.storyboard; sourceTree = "<group>"; };
		59998D9720B46227001CE878 /* Assets.xcassets */ = {isa = PBXFileReference; lastKnownFileType = folder.assetcatalog; path = Assets.xcassets; sourceTree = "<group>"; };
		59998D9A20B46227001CE878 /* Base */ = {isa = PBXFileReference; lastKnownFileType = file.storyboard; name = Base; path = Base.lproj/LaunchScreen.storyboard; sourceTree = "<group>"; };
		59998D9C20B46227001CE878 /* Info.plist */ = {isa = PBXFileReference; lastKnownFileType = text.plist.xml; path = Info.plist; sourceTree = "<group>"; };
		8BE1457A6BDD56730BDF05AB /* Pods-SummonerAssistant.release.xcconfig */ = {isa = PBXFileReference; includeInIndex = 1; lastKnownFileType = text.xcconfig; name = "Pods-SummonerAssistant.release.xcconfig"; path = "Pods/Target Support Files/Pods-SummonerAssistant/Pods-SummonerAssistant.release.xcconfig"; sourceTree = "<group>"; };
		B21D2741BD88CFF4CE0D1C4A /* Pods_SummonerAssistant.framework */ = {isa = PBXFileReference; explicitFileType = wrapper.framework; includeInIndex = 0; path = Pods_SummonerAssistant.framework; sourceTree = BUILT_PRODUCTS_DIR; };
		D5349624BBF9C5ACC1C67892 /* Pods-SummonerAssistant.debug.xcconfig */ = {isa = PBXFileReference; includeInIndex = 1; lastKnownFileType = text.xcconfig; name = "Pods-SummonerAssistant.debug.xcconfig"; path = "Pods/Target Support Files/Pods-SummonerAssistant/Pods-SummonerAssistant.debug.xcconfig"; sourceTree = "<group>"; };
/* End PBXFileReference section */

/* Begin PBXFrameworksBuildPhase section */
		59998D8A20B46226001CE878 /* Frameworks */ = {
			isa = PBXFrameworksBuildPhase;
			buildActionMask = 2147483647;
			files = (
				226EF8C83226B70FAEFBC1D2 /* Pods_SummonerAssistant.framework in Frameworks */,
			);
			runOnlyForDeploymentPostprocessing = 0;
		};
/* End PBXFrameworksBuildPhase section */

/* Begin PBXGroup section */
		2B492936C074D5B0950B0855 /* Frameworks */ = {
			isa = PBXGroup;
			children = (
				B21D2741BD88CFF4CE0D1C4A /* Pods_SummonerAssistant.framework */,
			);
			name = Frameworks;
			sourceTree = "<group>";
		};
		55E7DC54AC506C9A2116A6A0 /* Pods */ = {
			isa = PBXGroup;
			children = (
				D5349624BBF9C5ACC1C67892 /* Pods-SummonerAssistant.debug.xcconfig */,
				8BE1457A6BDD56730BDF05AB /* Pods-SummonerAssistant.release.xcconfig */,
			);
			name = Pods;
			sourceTree = "<group>";
		};
		59998D8420B46226001CE878 = {
			isa = PBXGroup;
			children = (
				59998D8F20B46226001CE878 /* SummonerAssistant */,
				59998D8E20B46226001CE878 /* Products */,
				55E7DC54AC506C9A2116A6A0 /* Pods */,
				2B492936C074D5B0950B0855 /* Frameworks */,
			);
			sourceTree = "<group>";
		};
		59998D8E20B46226001CE878 /* Products */ = {
			isa = PBXGroup;
			children = (
				59998D8D20B46226001CE878 /* SummonerAssistant.app */,
			);
			name = Products;
			sourceTree = "<group>";
		};
		59998D8F20B46226001CE878 /* SummonerAssistant */ = {
			isa = PBXGroup;
			children = (
				59998D9020B46226001CE878 /* AppDelegate.swift */,
				59998D9220B46226001CE878 /* ViewController.swift */,
				59998D9420B46226001CE878 /* Main.storyboard */,
				59998D9720B46227001CE878 /* Assets.xcassets */,
				59998D9920B46227001CE878 /* LaunchScreen.storyboard */,
				59998D9C20B46227001CE878 /* Info.plist */,
			);
			path = SummonerAssistant;
			sourceTree = "<group>";
		};
/* End PBXGroup section */

/* Begin PBXNativeTarget section */
		59998D8C20B46226001CE878 /* SummonerAssistant */ = {
			isa = PBXNativeTarget;
			buildConfigurationList = 59998D9F20B46228001CE878 /* Build configuration list for PBXNativeTarget "SummonerAssistant" */;
			buildPhases = (
				C553DC82CE04F88EAD292B4D /* [CP] Check Pods Manifest.lock */,
				59998D8920B46226001CE878 /* Sources */,
				59998D8A20B46226001CE878 /* Frameworks */,
				59998D8B20B46226001CE878 /* Resources */,
				E71F3A89677483E133F19C28 /* [CP] Embed Pods Frameworks */,
			);
			buildRules = (
			);
			dependencies = (
			);
			name = SummonerAssistant;
			productName = SummonerAssistant;
			productReference = 59998D8D20B46226001CE878 /* SummonerAssistant.app */;
			productType = "com.apple.product-type.application";
		};
/* End PBXNativeTarget section */

/* Begin PBXProject section */
		59998D8520B46226001CE878 /* Project object */ = {
			isa = PBXProject;
			attributes = {
				LastSwiftUpdateCheck = 0930;
				LastUpgradeCheck = 0930;
				ORGANIZATIONNAME = "Asier Zapata";
				TargetAttributes = {
					59998D8C20B46226001CE878 = {
						CreatedOnToolsVersion = 9.3.1;
					};
				};
			};
			buildConfigurationList = 59998D8820B46226001CE878 /* Build configuration list for PBXProject "SummonerAssistant" */;
			compatibilityVersion = "Xcode 9.3";
			developmentRegion = en;
			hasScannedForEncodings = 0;
			knownRegions = (
				en,
				Base,
			);
			mainGroup = 59998D8420B46226001CE878;
			productRefGroup = 59998D8E20B46226001CE878 /* Products */;
			projectDirPath = "";
			projectRoot = "";
			targets = (
				59998D8C20B46226001CE878 /* SummonerAssistant */,
			);
		};
/* End PBXProject section */

/* Begin PBXResourcesBuildPhase section */
		59998D8B20B46226001CE878 /* Resources */ = {
			isa = PBXResourcesBuildPhase;
			buildActionMask = 2147483647;
			files = (
				59998D9B20B46227001CE878 /* LaunchScreen.storyboard in Resources */,
				59998D9820B46227001CE878 /* Assets.xcassets in Resources */,
				59998D9620B46226001CE878 /* Main.storyboard in Resources */,
			);
			runOnlyForDeploymentPostprocessing = 0;
		};
/* End PBXResourcesBuildPhase section */

/* Begin PBXShellScriptBuildPhase section */
		C553DC82CE04F88EAD292B4D /* [CP] Check Pods Manifest.lock */ = {
			isa = PBXShellScriptBuildPhase;
			buildActionMask = 2147483647;
			files = (
			);
			inputPaths = (
				"${PODS_PODFILE_DIR_PATH}/Podfile.lock",
				"${PODS_ROOT}/Manifest.lock",
			);
			name = "[CP] Check Pods Manifest.lock";
			outputPaths = (
				"$(DERIVED_FILE_DIR)/Pods-SummonerAssistant-checkManifestLockResult.txt",
			);
			runOnlyForDeploymentPostprocessing = 0;
			shellPath = /bin/sh;
			shellScript = "diff \"${PODS_PODFILE_DIR_PATH}/Podfile.lock\" \"${PODS_ROOT}/Manifest.lock\" > /dev/null\nif [ $? != 0 ] ; then\n    # print error to STDERR\n    echo \"error: The sandbox is not in sync with the Podfile.lock. Run 'pod install' or update your CocoaPods installation.\" >&2\n    exit 1\nfi\n# This output is used by Xcode 'outputs' to avoid re-running this script phase.\necho \"SUCCESS\" > \"${SCRIPT_OUTPUT_FILE_0}\"\n";
			showEnvVarsInLog = 0;
		};
		E71F3A89677483E133F19C28 /* [CP] Embed Pods Frameworks */ = {
			isa = PBXShellScriptBuildPhase;
			buildActionMask = 2147483647;
			files = (
			);
			inputPaths = (
				"${SRCROOT}/Pods/Target Support Files/Pods-SummonerAssistant/Pods-SummonerAssistant-frameworks.sh",
				"${BUILT_PRODUCTS_DIR}/GPUImage/GPUImage.framework",
				"${BUILT_PRODUCTS_DIR}/SwiftOCR/SwiftOCR.framework",
			);
			name = "[CP] Embed Pods Frameworks";
			outputPaths = (
				"${TARGET_BUILD_DIR}/${FRAMEWORKS_FOLDER_PATH}/GPUImage.framework",
				"${TARGET_BUILD_DIR}/${FRAMEWORKS_FOLDER_PATH}/SwiftOCR.framework",
			);
			runOnlyForDeploymentPostprocessing = 0;
			shellPath = /bin/sh;
			shellScript = "\"${SRCROOT}/Pods/Target Support Files/Pods-SummonerAssistant/Pods-SummonerAssistant-frameworks.sh\"\n";
			showEnvVarsInLog = 0;
		};
/* End PBXShellScriptBuildPhase section */

/* Begin PBXSourcesBuildPhase section */
		59998D8920B46226001CE878 /* Sources */ = {
			isa = PBXSourcesBuildPhase;
			buildActionMask = 2147483647;
			files = (
				59998D9320B46226001CE878 /* ViewController.swift in Sources */,
				59998D9120B46226001CE878 /* AppDelegate.swift in Sources */,
			);
			runOnlyForDeploymentPostprocessing = 0;
		};
/* End PBXSourcesBuildPhase section */

/* Begin PBXVariantGroup section */
		59998D9420B46226001CE878 /* Main.storyboard */ = {
			isa = PBXVariantGroup;
			children = (
				59998D9520B46226001CE878 /* Base */,
			);
			name = Main.storyboard;
			sourceTree = "<group>";
		};
		59998D9920B46227001CE878 /* LaunchScreen.storyboard */ = {
			isa = PBXVariantGroup;
			children = (
				59998D9A20B46227001CE878 /* Base */,
			);
			name = LaunchScreen.storyboard;
			sourceTree = "<group>";
		};
/* End PBXVariantGroup section */

/* Begin XCBuildConfiguration section */
		59998D9D20B46227001CE878 /* Debug */ = {
			isa = XCBuildConfiguration;
			buildSettings = {
				ALWAYS_SEARCH_USER_PATHS = NO;
				CLANG_ANALYZER_NONNULL = YES;
				CLANG_ANALYZER_NUMBER_OBJECT_CONVERSION = YES_AGGRESSIVE;
				CLANG_CXX_LANGUAGE_STANDARD = "gnu++14";
				CLANG_CXX_LIBRARY = "libc++";
				CLANG_ENABLE_MODULES = YES;
				CLANG_ENABLE_OBJC_ARC = YES;
				CLANG_ENABLE_OBJC_WEAK = YES;
				CLANG_WARN_BLOCK_CAPTURE_AUTORELEASING = YES;
				CLANG_WARN_BOOL_CONVERSION = YES;
				CLANG_WARN_COMMA = YES;
				CLANG_WARN_CONSTANT_CONVERSION = YES;
				CLANG_WARN_DEPRECATED_OBJC_IMPLEMENTATIONS = YES;
				CLANG_WARN_DIRECT_OBJC_ISA_USAGE = YES_ERROR;
				CLANG_WARN_DOCUMENTATION_COMMENTS = YES;
				CLANG_WARN_EMPTY_BODY = YES;
				CLANG_WARN_ENUM_CONVERSION = YES;
				CLANG_WARN_INFINITE_RECURSION = YES;
				CLANG_WARN_INT_CONVERSION = YES;
				CLANG_WARN_NON_LITERAL_NULL_CONVERSION = YES;
				CLANG_WARN_OBJC_IMPLICIT_RETAIN_SELF = YES;
				CLANG_WARN_OBJC_LITERAL_CONVERSION = YES;
				CLANG_WARN_OBJC_ROOT_CLASS = YES_ERROR;
				CLANG_WARN_RANGE_LOOP_ANALYSIS = YES;
				CLANG_WARN_STRICT_PROTOTYPES = YES;
				CLANG_WARN_SUSPICIOUS_MOVE = YES;
				CLANG_WARN_UNGUARDED_AVAILABILITY = YES_AGGRESSIVE;
				CLANG_WARN_UNREACHABLE_CODE = YES;
				CLANG_WARN__DUPLICATE_METHOD_MATCH = YES;
				CODE_SIGN_IDENTITY = "iPhone Developer";
				COPY_PHASE_STRIP = NO;
				DEBUG_INFORMATION_FORMAT = dwarf;
				ENABLE_STRICT_OBJC_MSGSEND = YES;
				ENABLE_TESTABILITY = YES;
				GCC_C_LANGUAGE_STANDARD = gnu11;
				GCC_DYNAMIC_NO_PIC = NO;
				GCC_NO_COMMON_BLOCKS = YES;
				GCC_OPTIMIZATION_LEVEL = 0;
				GCC_PREPROCESSOR_DEFINITIONS = (
					"DEBUG=1",
					"$(inherited)",
				);
				GCC_WARN_64_TO_32_BIT_CONVERSION = YES;
				GCC_WARN_ABOUT_RETURN_TYPE = YES_ERROR;
				GCC_WARN_UNDECLARED_SELECTOR = YES;
				GCC_WARN_UNINITIALIZED_AUTOS = YES_AGGRESSIVE;
				GCC_WARN_UNUSED_FUNCTION = YES;
				GCC_WARN_UNUSED_VARIABLE = YES;
				IPHONEOS_DEPLOYMENT_TARGET = 11.3;
				MTL_ENABLE_DEBUG_INFO = YES;
				ONLY_ACTIVE_ARCH = YES;
				SDKROOT = iphoneos;
				SWIFT_ACTIVE_COMPILATION_CONDITIONS = DEBUG;
				SWIFT_OPTIMIZATION_LEVEL = "-Onone";
			};
			name = Debug;
		};
		59998D9E20B46228001CE878 /* Release */ = {
			isa = XCBuildConfiguration;
			buildSettings = {
				ALWAYS_SEARCH_USER_PATHS = NO;
				CLANG_ANALYZER_NONNULL = YES;
				CLANG_ANALYZER_NUMBER_OBJECT_CONVERSION = YES_AGGRESSIVE;
				CLANG_CXX_LANGUAGE_STANDARD = "gnu++14";
				CLANG_CXX_LIBRARY = "libc++";
				CLANG_ENABLE_MODULES = YES;
				CLANG_ENABLE_OBJC_ARC = YES;
				CLANG_ENABLE_OBJC_WEAK = YES;
				CLANG_WARN_BLOCK_CAPTURE_AUTORELEASING = YES;
				CLANG_WARN_BOOL_CONVERSION = YES;
				CLANG_WARN_COMMA = YES;
				CLANG_WARN_CONSTANT_CONVERSION = YES;
				CLANG_WARN_DEPRECATED_OBJC_IMPLEMENTATIONS = YES;
				CLANG_WARN_DIRECT_OBJC_ISA_USAGE = YES_ERROR;
				CLANG_WARN_DOCUMENTATION_COMMENTS = YES;
				CLANG_WARN_EMPTY_BODY = YES;
				CLANG_WARN_ENUM_CONVERSION = YES;
				CLANG_WARN_INFINITE_RECURSION = YES;
				CLANG_WARN_INT_CONVERSION = YES;
				CLANG_WARN_NON_LITERAL_NULL_CONVERSION = YES;
				CLANG_WARN_OBJC_IMPLICIT_RETAIN_SELF = YES;
				CLANG_WARN_OBJC_LITERAL_CONVERSION = YES;
				CLANG_WARN_OBJC_ROOT_CLASS = YES_ERROR;
				CLANG_WARN_RANGE_LOOP_ANALYSIS = YES;
				CLANG_WARN_STRICT_PROTOTYPES = YES;
				CLANG_WARN_SUSPICIOUS_MOVE = YES;
				CLANG_WARN_UNGUARDED_AVAILABILITY = YES_AGGRESSIVE;
				CLANG_WARN_UNREACHABLE_CODE = YES;
				CLANG_WARN__DUPLICATE_METHOD_MATCH = YES;
				CODE_SIGN_IDENTITY = "iPhone Developer";
				COPY_PHASE_STRIP = NO;
				DEBUG_INFORMATION_FORMAT = "dwarf-with-dsym";
				ENABLE_NS_ASSERTIONS = NO;
				ENABLE_STRICT_OBJC_MSGSEND = YES;
				GCC_C_LANGUAGE_STANDARD = gnu11;
				GCC_NO_COMMON_BLOCKS = YES;
				GCC_WARN_64_TO_32_BIT_CONVERSION = YES;
				GCC_WARN_ABOUT_RETURN_TYPE = YES_ERROR;
				GCC_WARN_UNDECLARED_SELECTOR = YES;
				GCC_WARN_UNINITIALIZED_AUTOS = YES_AGGRESSIVE;
				GCC_WARN_UNUSED_FUNCTION = YES;
				GCC_WARN_UNUSED_VARIABLE = YES;
				IPHONEOS_DEPLOYMENT_TARGET = 11.3;
				MTL_ENABLE_DEBUG_INFO = NO;
				SDKROOT = iphoneos;
				SWIFT_COMPILATION_MODE = wholemodule;
				SWIFT_OPTIMIZATION_LEVEL = "-O";
				VALIDATE_PRODUCT = YES;
			};
			name = Release;
		};
		59998DA020B46228001CE878 /* Debug */ = {
			isa = XCBuildConfiguration;
			baseConfigurationReference = D5349624BBF9C5ACC1C67892 /* Pods-SummonerAssistant.debug.xcconfig */;
			buildSettings = {
				ASSETCATALOG_COMPILER_APPICON_NAME = AppIcon;
				CODE_SIGN_STYLE = Automatic;
				DEVELOPMENT_TEAM = 2QW8H3B548;
				INFOPLIST_FILE = SummonerAssistant/Info.plist;
				LD_RUNPATH_SEARCH_PATHS = (
					"$(inherited)",
					"@executable_path/Frameworks",
				);
				PRODUCT_BUNDLE_IDENTIFIER = xyz.asierzapata.SummonerAssistant;
				PRODUCT_NAME = "$(TARGET_NAME)";
				SWIFT_VERSION = 4.0;
				TARGETED_DEVICE_FAMILY = "1,2";
			};
			name = Debug;
		};
		59998DA120B46228001CE878 /* Release */ = {
			isa = XCBuildConfiguration;
			baseConfigurationReference = 8BE1457A6BDD56730BDF05AB /* Pods-SummonerAssistant.release.xcconfig */;
			buildSettings = {
				ASSETCATALOG_COMPILER_APPICON_NAME = AppIcon;
				CODE_SIGN_STYLE = Automatic;
				DEVELOPMENT_TEAM = 2QW8H3B548;
				INFOPLIST_FILE = SummonerAssistant/Info.plist;
				LD_RUNPATH_SEARCH_PATHS = (
					"$(inherited)",
					"@executable_path/Frameworks",
				);
				PRODUCT_BUNDLE_IDENTIFIER = xyz.asierzapata.SummonerAssistant;
				PRODUCT_NAME = "$(TARGET_NAME)";
				SWIFT_VERSION = 4.0;
				TARGETED_DEVICE_FAMILY = "1,2";
			};
			name = Release;
		};
/* End XCBuildConfiguration section */

/* Begin XCConfigurationList section */
		59998D8820B46226001CE878 /* Build configuration list for PBXProject "SummonerAssistant" */ = {
			isa = XCConfigurationList;
			buildConfigurations = (
				59998D9D20B46227001CE878 /* Debug */,
				59998D9E20B46228001CE878 /* Release */,
			);
			defaultConfigurationIsVisible = 0;
			defaultConfigurationName = Release;
		};
		59998D9F20B46228001CE878 /* Build configuration list for PBXNativeTarget "SummonerAssistant" */ = {
			isa = XCConfigurationList;
			buildConfigurations = (
				59998DA020B46228001CE878 /* Debug */,
				59998DA120B46228001CE878 /* Release */,
			);
			defaultConfigurationIsVisible = 0;
			defaultConfigurationName = Release;
		};
/* End XCConfigurationList section */
	};
	rootObject = 59998D8520B46226001CE878 /* Project object */;
}
